<?xml version="1.0" encoding="utf-8"?>
<Project ToolsVersion="4.0" xmlns="http://schemas.microsoft.com/developer/msbuild/2003">
  <ItemGroup>
    <Filter Include="res">
      <UniqueIdentifier>{4FA5880B-BBAE-887C-442A-9F7CB032947C}</UniqueIdentifier>
    </Filter>
    <Filter Include="res\shaders">
      <UniqueIdentifier>{4841F028-B4F6-681E-3DEB-62F5A99F5F22}</UniqueIdentifier>
    </Filter>
    <Filter Include="res\textures">
      <UniqueIdentifier>{227C1C83-0EDF-AB27-B764-E4DDA3A677AA}</UniqueIdentifier>
    </Filter>
    <Filter Include="src">
      <UniqueIdentifier>{2DAB880B-99B4-887C-2230-9F7C8E38947C}</UniqueIdentifier>
    </Filter>
  </ItemGroup>
  <ItemGroup>
    <ClInclude Include="src\Camera.h">
      <Filter>src</Filter>
    </ClInclude>
    <ClInclude Include="src\EBO.h">
      <Filter>src</Filter>
    </ClInclude>
    <ClInclude Include="src\InputManager.h">
      <Filter>src</Filter>
    </ClInclude>
    <ClInclude Include="src\Shader.h">
      <Filter>src</Filter>
    </ClInclude>
    <ClInclude Include="src\Texture.h">
      <Filter>src</Filter>
    </ClInclude>
    <ClInclude Include="src\VAO.h">
      <Filter>src</Filter>
    </ClInclude>
    <ClInclude Include="src\VBO.h">
      <Filter>src</Filter>
    </ClInclude>
  </ItemGroup>
  <ItemGroup>
    <ClCompile Include="src\InputManager.cpp">
      <Filter>src</Filter>
    </ClCompile>
    <ClCompile Include="src\Main.cpp">
      <Filter>src</Filter>
    </ClCompile>
    <ClCompile Include="src\Shader.cpp">
      <Filter>src</Filter>
    </ClCompile>
  </ItemGroup>
  <ItemGroup>
    <None Include="res\shaders\default.frag">
      <Filter>res\shaders</Filter>
    </None>
    <None Include="res\shaders\default.vert">
      <Filter>res\shaders</Filter>
    </None>
    <None Include="res\shaders\textured.frag">
      <Filter>res\shaders</Filter>
    </None>
    <None Include="res\shaders\textured.vert">
      <Filter>res\shaders</Filter>
    </None>
  </ItemGroup>
  <ItemGroup>
    <Image Include="res\textures\ShrekProfile.jpg">
      <Filter>res\textures</Filter>
    </Image>
  </ItemGroup>
</Project>